// !$*UTF8*$!
{
	archiveVersion = 1;
	classes = {
	};
	objectVersion = 56;
	objects = {

/* Begin PBXBuildFile section */
		5AE7E33B56E5F041128246AC /* Pods_XCode_GHDSU.framework in Frameworks */ = {isa = PBXBuildFile; fileRef = 7660BCCCB9B2FFD009189DBD /* Pods_XCode_GHDSU.framework */; };
		B681D41029D3474300FFE1B5 /* GHDSUAPI in Resources */ = {isa = PBXBuildFile; fileRef = B681D40F29D3474300FFE1B5 /* GHDSUAPI */; };
		B688682D29B0B6CF00D9F185 /* ShellView.swift in Sources */ = {isa = PBXBuildFile; fileRef = B688682C29B0B6CF00D9F185 /* ShellView.swift */; };
		B6C6560129AFB90E00AC8C63 /* XCode_GHDSUApp.swift in Sources */ = {isa = PBXBuildFile; fileRef = B6C6560029AFB90E00AC8C63 /* XCode_GHDSUApp.swift */; };
		B6C6560529AFB90F00AC8C63 /* Assets.xcassets in Resources */ = {isa = PBXBuildFile; fileRef = B6C6560429AFB90F00AC8C63 /* Assets.xcassets */; };
		B6C6560829AFB90F00AC8C63 /* Preview Assets.xcassets in Resources */ = {isa = PBXBuildFile; fileRef = B6C6560729AFB90F00AC8C63 /* Preview Assets.xcassets */; };
		B6D4537429B0B7BE00F8D5DA /* InstallView.swift in Sources */ = {isa = PBXBuildFile; fileRef = B6D4537329B0B7BE00F8D5DA /* InstallView.swift */; };
		B6D4537A29B0E71800F8D5DA /* AnimationTesting.swift in Sources */ = {isa = PBXBuildFile; fileRef = B6D4537929B0E71800F8D5DA /* AnimationTesting.swift */; };
		B6EAA95029E710AC0052D62B /* SplashShape.swift in Sources */ = {isa = PBXBuildFile; fileRef = B6EAA94F29E710AC0052D62B /* SplashShape.swift */; };
		B6F2390C29E7115A002FCF06 /* SplashView.swift in Sources */ = {isa = PBXBuildFile; fileRef = B6F2390B29E7115A002FCF06 /* SplashView.swift */; };
		DD5C446CB944EA1E898FCC25 /* Pods_XCode_GHDSU_XCode_GHDSUUITests.framework in Frameworks */ = {isa = PBXBuildFile; fileRef = 6A331B7C066A7614BC9346B3 /* Pods_XCode_GHDSU_XCode_GHDSUUITests.framework */; };
		EAA16495EE658E8A934177F2 /* Pods_XCode_GHDSUTests.framework in Frameworks */ = {isa = PBXBuildFile; fileRef = DA4423F626E144186BFDC537 /* Pods_XCode_GHDSUTests.framework */; };
/* End PBXBuildFile section */

/* Begin PBXContainerItemProxy section */
		B6C6560F29AFB90F00AC8C63 /* PBXContainerItemProxy */ = {
			isa = PBXContainerItemProxy;
			containerPortal = B6C655F529AFB90D00AC8C63 /* Project object */;
			proxyType = 1;
			remoteGlobalIDString = B6C655FC29AFB90E00AC8C63;
			remoteInfo = "XCode-GHDSU";
		};
		B6C6561929AFB90F00AC8C63 /* PBXContainerItemProxy */ = {
			isa = PBXContainerItemProxy;
			containerPortal = B6C655F529AFB90D00AC8C63 /* Project object */;
			proxyType = 1;
			remoteGlobalIDString = B6C655FC29AFB90E00AC8C63;
			remoteInfo = "XCode-GHDSU";
		};
/* End PBXContainerItemProxy section */

/* Begin PBXFileReference section */
		35BE53BF80C85EDBFEF042F5 /* Pods-XCode-GHDSUTests.release.xcconfig */ = {isa = PBXFileReference; includeInIndex = 1; lastKnownFileType = text.xcconfig; name = "Pods-XCode-GHDSUTests.release.xcconfig"; path = "Target Support Files/Pods-XCode-GHDSUTests/Pods-XCode-GHDSUTests.release.xcconfig"; sourceTree = "<group>"; };
		6A331B7C066A7614BC9346B3 /* Pods_XCode_GHDSU_XCode_GHDSUUITests.framework */ = {isa = PBXFileReference; explicitFileType = wrapper.framework; includeInIndex = 0; path = Pods_XCode_GHDSU_XCode_GHDSUUITests.framework; sourceTree = BUILT_PRODUCTS_DIR; };
		7660BCCCB9B2FFD009189DBD /* Pods_XCode_GHDSU.framework */ = {isa = PBXFileReference; explicitFileType = wrapper.framework; includeInIndex = 0; path = Pods_XCode_GHDSU.framework; sourceTree = BUILT_PRODUCTS_DIR; };
		76FAC423898ED1C3FED3A842 /* Pods-XCode-GHDSU.debug.xcconfig */ = {isa = PBXFileReference; includeInIndex = 1; lastKnownFileType = text.xcconfig; name = "Pods-XCode-GHDSU.debug.xcconfig"; path = "Target Support Files/Pods-XCode-GHDSU/Pods-XCode-GHDSU.debug.xcconfig"; sourceTree = "<group>"; };
		780A4AD6B3EA9ACC5F423966 /* Pods-XCode-GHDSU-XCode-GHDSUUITests.debug.xcconfig */ = {isa = PBXFileReference; includeInIndex = 1; lastKnownFileType = text.xcconfig; name = "Pods-XCode-GHDSU-XCode-GHDSUUITests.debug.xcconfig"; path = "Target Support Files/Pods-XCode-GHDSU-XCode-GHDSUUITests/Pods-XCode-GHDSU-XCode-GHDSUUITests.debug.xcconfig"; sourceTree = "<group>"; };
		B681D40F29D3474300FFE1B5 /* GHDSUAPI */ = {isa = PBXFileReference; lastKnownFileType = folder; path = GHDSUAPI; sourceTree = "<group>"; };
		B688682C29B0B6CF00D9F185 /* ShellView.swift */ = {isa = PBXFileReference; lastKnownFileType = sourcecode.swift; path = ShellView.swift; sourceTree = "<group>"; };
		B6AF844A29C3553C00E93971 /* Info.plist */ = {isa = PBXFileReference; lastKnownFileType = text.plist; path = Info.plist; sourceTree = "<group>"; };
		B6C655FD29AFB90E00AC8C63 /* XCode-GHDSU.app */ = {isa = PBXFileReference; explicitFileType = wrapper.application; includeInIndex = 0; path = "XCode-GHDSU.app"; sourceTree = BUILT_PRODUCTS_DIR; };
		B6C6560029AFB90E00AC8C63 /* XCode_GHDSUApp.swift */ = {isa = PBXFileReference; lastKnownFileType = sourcecode.swift; path = XCode_GHDSUApp.swift; sourceTree = "<group>"; };
		B6C6560429AFB90F00AC8C63 /* Assets.xcassets */ = {isa = PBXFileReference; lastKnownFileType = folder.assetcatalog; path = Assets.xcassets; sourceTree = "<group>"; };
		B6C6560729AFB90F00AC8C63 /* Preview Assets.xcassets */ = {isa = PBXFileReference; lastKnownFileType = folder.assetcatalog; path = "Preview Assets.xcassets"; sourceTree = "<group>"; };
		B6C6560929AFB90F00AC8C63 /* XCode_GHDSU.entitlements */ = {isa = PBXFileReference; lastKnownFileType = text.plist.entitlements; path = XCode_GHDSU.entitlements; sourceTree = "<group>"; };
		B6C6560E29AFB90F00AC8C63 /* XCode-GHDSUTests.xctest */ = {isa = PBXFileReference; explicitFileType = wrapper.cfbundle; includeInIndex = 0; path = "XCode-GHDSUTests.xctest"; sourceTree = BUILT_PRODUCTS_DIR; };
		B6C6561829AFB90F00AC8C63 /* XCode-GHDSUUITests.xctest */ = {isa = PBXFileReference; explicitFileType = wrapper.cfbundle; includeInIndex = 0; path = "XCode-GHDSUUITests.xctest"; sourceTree = BUILT_PRODUCTS_DIR; };
		B6D4537329B0B7BE00F8D5DA /* InstallView.swift */ = {isa = PBXFileReference; fileEncoding = 4; lastKnownFileType = sourcecode.swift; path = InstallView.swift; sourceTree = "<group>"; };
		B6D4537929B0E71800F8D5DA /* AnimationTesting.swift */ = {isa = PBXFileReference; lastKnownFileType = sourcecode.swift; path = AnimationTesting.swift; sourceTree = "<group>"; };
		B6EAA94F29E710AC0052D62B /* SplashShape.swift */ = {isa = PBXFileReference; lastKnownFileType = sourcecode.swift; path = SplashShape.swift; sourceTree = "<group>"; };
		B6F2390B29E7115A002FCF06 /* SplashView.swift */ = {isa = PBXFileReference; lastKnownFileType = sourcecode.swift; path = SplashView.swift; sourceTree = "<group>"; };
		C52FF156B582BC3BE8EE8D24 /* Pods-XCode-GHDSU.release.xcconfig */ = {isa = PBXFileReference; includeInIndex = 1; lastKnownFileType = text.xcconfig; name = "Pods-XCode-GHDSU.release.xcconfig"; path = "Target Support Files/Pods-XCode-GHDSU/Pods-XCode-GHDSU.release.xcconfig"; sourceTree = "<group>"; };
		C797168D73158EBD0D3C115A /* Pods-XCode-GHDSUTests.debug.xcconfig */ = {isa = PBXFileReference; includeInIndex = 1; lastKnownFileType = text.xcconfig; name = "Pods-XCode-GHDSUTests.debug.xcconfig"; path = "Target Support Files/Pods-XCode-GHDSUTests/Pods-XCode-GHDSUTests.debug.xcconfig"; sourceTree = "<group>"; };
		DA4423F626E144186BFDC537 /* Pods_XCode_GHDSUTests.framework */ = {isa = PBXFileReference; explicitFileType = wrapper.framework; includeInIndex = 0; path = Pods_XCode_GHDSUTests.framework; sourceTree = BUILT_PRODUCTS_DIR; };
		F203E4335E04E3E09150EE92 /* Pods-XCode-GHDSU-XCode-GHDSUUITests.release.xcconfig */ = {isa = PBXFileReference; includeInIndex = 1; lastKnownFileType = text.xcconfig; name = "Pods-XCode-GHDSU-XCode-GHDSUUITests.release.xcconfig"; path = "Target Support Files/Pods-XCode-GHDSU-XCode-GHDSUUITests/Pods-XCode-GHDSU-XCode-GHDSUUITests.release.xcconfig"; sourceTree = "<group>"; };
/* End PBXFileReference section */

/* Begin PBXFrameworksBuildPhase section */
		B6C655FA29AFB90E00AC8C63 /* Frameworks */ = {
			isa = PBXFrameworksBuildPhase;
			buildActionMask = 2147483647;
			files = (
				5AE7E33B56E5F041128246AC /* Pods_XCode_GHDSU.framework in Frameworks */,
			);
			runOnlyForDeploymentPostprocessing = 0;
		};
		B6C6560B29AFB90F00AC8C63 /* Frameworks */ = {
			isa = PBXFrameworksBuildPhase;
			buildActionMask = 2147483647;
			files = (
				EAA16495EE658E8A934177F2 /* Pods_XCode_GHDSUTests.framework in Frameworks */,
			);
			runOnlyForDeploymentPostprocessing = 0;
		};
		B6C6561529AFB90F00AC8C63 /* Frameworks */ = {
			isa = PBXFrameworksBuildPhase;
			buildActionMask = 2147483647;
			files = (
				DD5C446CB944EA1E898FCC25 /* Pods_XCode_GHDSU_XCode_GHDSUUITests.framework in Frameworks */,
			);
			runOnlyForDeploymentPostprocessing = 0;
		};
/* End PBXFrameworksBuildPhase section */

/* Begin PBXGroup section */
		8EBC313A09E0FFA8AE81978B /* Frameworks */ = {
			isa = PBXGroup;
			children = (
				7660BCCCB9B2FFD009189DBD /* Pods_XCode_GHDSU.framework */,
				6A331B7C066A7614BC9346B3 /* Pods_XCode_GHDSU_XCode_GHDSUUITests.framework */,
				DA4423F626E144186BFDC537 /* Pods_XCode_GHDSUTests.framework */,
			);
			name = Frameworks;
			sourceTree = "<group>";
		};
		B6C655F429AFB90D00AC8C63 = {
			isa = PBXGroup;
			children = (
				B6C655FF29AFB90E00AC8C63 /* XCode-GHDSU */,
				B6C655FE29AFB90E00AC8C63 /* Products */,
				B718D956C8A161F0EB1E7AA2 /* Pods */,
				8EBC313A09E0FFA8AE81978B /* Frameworks */,
			);
			sourceTree = "<group>";
		};
		B6C655FE29AFB90E00AC8C63 /* Products */ = {
			isa = PBXGroup;
			children = (
				B6C655FD29AFB90E00AC8C63 /* XCode-GHDSU.app */,
				B6C6560E29AFB90F00AC8C63 /* XCode-GHDSUTests.xctest */,
				B6C6561829AFB90F00AC8C63 /* XCode-GHDSUUITests.xctest */,
			);
			name = Products;
			sourceTree = "<group>";
		};
		B6C655FF29AFB90E00AC8C63 /* XCode-GHDSU */ = {
			isa = PBXGroup;
			children = (
				B6F2390F29E834F6002FCF06 /* Splash */,
				B681D40F29D3474300FFE1B5 /* GHDSUAPI */,
				B6AF844A29C3553C00E93971 /* Info.plist */,
				B6C6560029AFB90E00AC8C63 /* XCode_GHDSUApp.swift */,
				B6D4537329B0B7BE00F8D5DA /* InstallView.swift */,
				B6C6560429AFB90F00AC8C63 /* Assets.xcassets */,
				B6C6560929AFB90F00AC8C63 /* XCode_GHDSU.entitlements */,
				B6C6560629AFB90F00AC8C63 /* Preview Content */,
				B6D4537929B0E71800F8D5DA /* AnimationTesting.swift */,
				B688682C29B0B6CF00D9F185 /* ShellView.swift */,
				B6EAA94F29E710AC0052D62B /* SplashShape.swift */,
				B6F2390B29E7115A002FCF06 /* SplashView.swift */,
			);
			path = "XCode-GHDSU";
			sourceTree = "<group>";
		};
		B6C6560629AFB90F00AC8C63 /* Preview Content */ = {
			isa = PBXGroup;
			children = (
				B6C6560729AFB90F00AC8C63 /* Preview Assets.xcassets */,
			);
			path = "Preview Content";
			sourceTree = "<group>";
		};
		B6F2390F29E834F6002FCF06 /* Splash */ = {
			isa = PBXGroup;
			children = (
			);
			path = Splash;
			sourceTree = "<group>";
		};
		B718D956C8A161F0EB1E7AA2 /* Pods */ = {
			isa = PBXGroup;
			children = (
				76FAC423898ED1C3FED3A842 /* Pods-XCode-GHDSU.debug.xcconfig */,
				C52FF156B582BC3BE8EE8D24 /* Pods-XCode-GHDSU.release.xcconfig */,
				780A4AD6B3EA9ACC5F423966 /* Pods-XCode-GHDSU-XCode-GHDSUUITests.debug.xcconfig */,
				F203E4335E04E3E09150EE92 /* Pods-XCode-GHDSU-XCode-GHDSUUITests.release.xcconfig */,
				C797168D73158EBD0D3C115A /* Pods-XCode-GHDSUTests.debug.xcconfig */,
				35BE53BF80C85EDBFEF042F5 /* Pods-XCode-GHDSUTests.release.xcconfig */,
			);
			name = Pods;
			path = Pods;
			sourceTree = "<group>";
		};
/* End PBXGroup section */

/* Begin PBXNativeTarget section */
		B6C655FC29AFB90E00AC8C63 /* XCode-GHDSU */ = {
			isa = PBXNativeTarget;
			buildConfigurationList = B6C6562229AFB90F00AC8C63 /* Build configuration list for PBXNativeTarget "XCode-GHDSU" */;
			buildPhases = (
				F1E0FD1FBFF1414D44271D52 /* [CP] Check Pods Manifest.lock */,
				B6C655F929AFB90E00AC8C63 /* Sources */,
				B6C655FA29AFB90E00AC8C63 /* Frameworks */,
				B6C655FB29AFB90E00AC8C63 /* Resources */,
				A1C3757EAD8228EE6A84D91C /* [CP] Embed Pods Frameworks */,
			);
			buildRules = (
			);
			dependencies = (
			);
			name = "XCode-GHDSU";
			productName = "XCode-GHDSU";
			productReference = B6C655FD29AFB90E00AC8C63 /* XCode-GHDSU.app */;
			productType = "com.apple.product-type.application";
		};
		B6C6560D29AFB90F00AC8C63 /* XCode-GHDSUTests */ = {
			isa = PBXNativeTarget;
			buildConfigurationList = B6C6562529AFB90F00AC8C63 /* Build configuration list for PBXNativeTarget "XCode-GHDSUTests" */;
			buildPhases = (
				48086A964B2588DB9589F2A2 /* [CP] Check Pods Manifest.lock */,
				B6C6560A29AFB90F00AC8C63 /* Sources */,
				B6C6560B29AFB90F00AC8C63 /* Frameworks */,
				B6C6560C29AFB90F00AC8C63 /* Resources */,
			);
			buildRules = (
			);
			dependencies = (
				B6C6561029AFB90F00AC8C63 /* PBXTargetDependency */,
			);
			name = "XCode-GHDSUTests";
			productName = "XCode-GHDSUTests";
			productReference = B6C6560E29AFB90F00AC8C63 /* XCode-GHDSUTests.xctest */;
			productType = "com.apple.product-type.bundle.unit-test";
		};
		B6C6561729AFB90F00AC8C63 /* XCode-GHDSUUITests */ = {
			isa = PBXNativeTarget;
			buildConfigurationList = B6C6562829AFB90F00AC8C63 /* Build configuration list for PBXNativeTarget "XCode-GHDSUUITests" */;
			buildPhases = (
				5CD590001295F7EABACBC9A0 /* [CP] Check Pods Manifest.lock */,
				B6C6561429AFB90F00AC8C63 /* Sources */,
				B6C6561529AFB90F00AC8C63 /* Frameworks */,
				B6C6561629AFB90F00AC8C63 /* Resources */,
				4BF54FB8F2FAB43639CE8048 /* [CP] Embed Pods Frameworks */,
			);
			buildRules = (
			);
			dependencies = (
				B6C6561A29AFB90F00AC8C63 /* PBXTargetDependency */,
			);
			name = "XCode-GHDSUUITests";
			productName = "XCode-GHDSUUITests";
			productReference = B6C6561829AFB90F00AC8C63 /* XCode-GHDSUUITests.xctest */;
			productType = "com.apple.product-type.bundle.ui-testing";
		};
/* End PBXNativeTarget section */

/* Begin PBXProject section */
		B6C655F529AFB90D00AC8C63 /* Project object */ = {
			isa = PBXProject;
			attributes = {
				BuildIndependentTargetsInParallel = 1;
				LastSwiftUpdateCheck = 1420;
				LastUpgradeCheck = 1420;
				TargetAttributes = {
					B6C655FC29AFB90E00AC8C63 = {
						CreatedOnToolsVersion = 14.2;
					};
					B6C6560D29AFB90F00AC8C63 = {
						CreatedOnToolsVersion = 14.2;
						TestTargetID = B6C655FC29AFB90E00AC8C63;
					};
					B6C6561729AFB90F00AC8C63 = {
						CreatedOnToolsVersion = 14.2;
						TestTargetID = B6C655FC29AFB90E00AC8C63;
					};
				};
			};
			buildConfigurationList = B6C655F829AFB90D00AC8C63 /* Build configuration list for PBXProject "XCode-GHDSU" */;
			compatibilityVersion = "Xcode 14.0";
			developmentRegion = en;
			hasScannedForEncodings = 0;
			knownRegions = (
				en,
				Base,
			);
			mainGroup = B6C655F429AFB90D00AC8C63;
			productRefGroup = B6C655FE29AFB90E00AC8C63 /* Products */;
			projectDirPath = "";
			projectRoot = "";
			targets = (
				B6C655FC29AFB90E00AC8C63 /* XCode-GHDSU */,
				B6C6560D29AFB90F00AC8C63 /* XCode-GHDSUTests */,
				B6C6561729AFB90F00AC8C63 /* XCode-GHDSUUITests */,
			);
		};
/* End PBXProject section */

/* Begin PBXResourcesBuildPhase section */
		B6C655FB29AFB90E00AC8C63 /* Resources */ = {
			isa = PBXResourcesBuildPhase;
			buildActionMask = 2147483647;
			files = (
				B6C6560829AFB90F00AC8C63 /* Preview Assets.xcassets in Resources */,
				B6C6560529AFB90F00AC8C63 /* Assets.xcassets in Resources */,
				B681D41029D3474300FFE1B5 /* GHDSUAPI in Resources */,
			);
			runOnlyForDeploymentPostprocessing = 0;
		};
		B6C6560C29AFB90F00AC8C63 /* Resources */ = {
			isa = PBXResourcesBuildPhase;
			buildActionMask = 2147483647;
			files = (
			);
			runOnlyForDeploymentPostprocessing = 0;
		};
		B6C6561629AFB90F00AC8C63 /* Resources */ = {
			isa = PBXResourcesBuildPhase;
			buildActionMask = 2147483647;
			files = (
			);
			runOnlyForDeploymentPostprocessing = 0;
		};
/* End PBXResourcesBuildPhase section */

/* Begin PBXShellScriptBuildPhase section */
		48086A964B2588DB9589F2A2 /* [CP] Check Pods Manifest.lock */ = {
			isa = PBXShellScriptBuildPhase;
			buildActionMask = 2147483647;
			files = (
			);
			inputFileListPaths = (
			);
			inputPaths = (
				"${PODS_PODFILE_DIR_PATH}/Podfile.lock",
				"${PODS_ROOT}/Manifest.lock",
			);
			name = "[CP] Check Pods Manifest.lock";
			outputFileListPaths = (
			);
			outputPaths = (
				"$(DERIVED_FILE_DIR)/Pods-XCode-GHDSUTests-checkManifestLockResult.txt",
			);
			runOnlyForDeploymentPostprocessing = 0;
			shellPath = /bin/sh;
			shellScript = "diff \"${PODS_PODFILE_DIR_PATH}/Podfile.lock\" \"${PODS_ROOT}/Manifest.lock\" > /dev/null\nif [ $? != 0 ] ; then\n    # print error to STDERR\n    echo \"error: The sandbox is not in sync with the Podfile.lock. Run 'pod install' or update your CocoaPods installation.\" >&2\n    exit 1\nfi\n# This output is used by Xcode 'outputs' to avoid re-running this script phase.\necho \"SUCCESS\" > \"${SCRIPT_OUTPUT_FILE_0}\"\n";
			showEnvVarsInLog = 0;
		};
		4BF54FB8F2FAB43639CE8048 /* [CP] Embed Pods Frameworks */ = {
			isa = PBXShellScriptBuildPhase;
			buildActionMask = 2147483647;
			files = (
			);
			inputFileListPaths = (
				"${PODS_ROOT}/Target Support Files/Pods-XCode-GHDSU-XCode-GHDSUUITests/Pods-XCode-GHDSU-XCode-GHDSUUITests-frameworks-${CONFIGURATION}-input-files.xcfilelist",
			);
			name = "[CP] Embed Pods Frameworks";
			outputFileListPaths = (
				"${PODS_ROOT}/Target Support Files/Pods-XCode-GHDSU-XCode-GHDSUUITests/Pods-XCode-GHDSU-XCode-GHDSUUITests-frameworks-${CONFIGURATION}-output-files.xcfilelist",
			);
			runOnlyForDeploymentPostprocessing = 0;
			shellPath = /bin/sh;
			shellScript = "\"${PODS_ROOT}/Target Support Files/Pods-XCode-GHDSU-XCode-GHDSUUITests/Pods-XCode-GHDSU-XCode-GHDSUUITests-frameworks.sh\"\n";
			showEnvVarsInLog = 0;
		};
		5CD590001295F7EABACBC9A0 /* [CP] Check Pods Manifest.lock */ = {
			isa = PBXShellScriptBuildPhase;
			buildActionMask = 2147483647;
			files = (
			);
			inputFileListPaths = (
			);
			inputPaths = (
				"${PODS_PODFILE_DIR_PATH}/Podfile.lock",
				"${PODS_ROOT}/Manifest.lock",
			);
			name = "[CP] Check Pods Manifest.lock";
			outputFileListPaths = (
			);
			outputPaths = (
				"$(DERIVED_FILE_DIR)/Pods-XCode-GHDSU-XCode-GHDSUUITests-checkManifestLockResult.txt",
			);
			runOnlyForDeploymentPostprocessing = 0;
			shellPath = /bin/sh;
			shellScript = "diff \"${PODS_PODFILE_DIR_PATH}/Podfile.lock\" \"${PODS_ROOT}/Manifest.lock\" > /dev/null\nif [ $? != 0 ] ; then\n    # print error to STDERR\n    echo \"error: The sandbox is not in sync with the Podfile.lock. Run 'pod install' or update your CocoaPods installation.\" >&2\n    exit 1\nfi\n# This output is used by Xcode 'outputs' to avoid re-running this script phase.\necho \"SUCCESS\" > \"${SCRIPT_OUTPUT_FILE_0}\"\n";
			showEnvVarsInLog = 0;
		};
		A1C3757EAD8228EE6A84D91C /* [CP] Embed Pods Frameworks */ = {
			isa = PBXShellScriptBuildPhase;
			buildActionMask = 2147483647;
			files = (
			);
			inputFileListPaths = (
				"${PODS_ROOT}/Target Support Files/Pods-XCode-GHDSU/Pods-XCode-GHDSU-frameworks-${CONFIGURATION}-input-files.xcfilelist",
			);
			name = "[CP] Embed Pods Frameworks";
			outputFileListPaths = (
				"${PODS_ROOT}/Target Support Files/Pods-XCode-GHDSU/Pods-XCode-GHDSU-frameworks-${CONFIGURATION}-output-files.xcfilelist",
			);
			runOnlyForDeploymentPostprocessing = 0;
			shellPath = /bin/sh;
			shellScript = "\"${PODS_ROOT}/Target Support Files/Pods-XCode-GHDSU/Pods-XCode-GHDSU-frameworks.sh\"\n";
			showEnvVarsInLog = 0;
		};
		F1E0FD1FBFF1414D44271D52 /* [CP] Check Pods Manifest.lock */ = {
			isa = PBXShellScriptBuildPhase;
			buildActionMask = 2147483647;
			files = (
			);
			inputFileListPaths = (
			);
			inputPaths = (
				"${PODS_PODFILE_DIR_PATH}/Podfile.lock",
				"${PODS_ROOT}/Manifest.lock",
			);
			name = "[CP] Check Pods Manifest.lock";
			outputFileListPaths = (
			);
			outputPaths = (
				"$(DERIVED_FILE_DIR)/Pods-XCode-GHDSU-checkManifestLockResult.txt",
			);
			runOnlyForDeploymentPostprocessing = 0;
			shellPath = /bin/sh;
			shellScript = "diff \"${PODS_PODFILE_DIR_PATH}/Podfile.lock\" \"${PODS_ROOT}/Manifest.lock\" > /dev/null\nif [ $? != 0 ] ; then\n    # print error to STDERR\n    echo \"error: The sandbox is not in sync with the Podfile.lock. Run 'pod install' or update your CocoaPods installation.\" >&2\n    exit 1\nfi\n# This output is used by Xcode 'outputs' to avoid re-running this script phase.\necho \"SUCCESS\" > \"${SCRIPT_OUTPUT_FILE_0}\"\n";
			showEnvVarsInLog = 0;
		};
/* End PBXShellScriptBuildPhase section */

/* Begin PBXSourcesBuildPhase section */
		B6C655F929AFB90E00AC8C63 /* Sources */ = {
			isa = PBXSourcesBuildPhase;
			buildActionMask = 2147483647;
			files = (
				B6EAA95029E710AC0052D62B /* SplashShape.swift in Sources */,
				B688682D29B0B6CF00D9F185 /* ShellView.swift in Sources */,
				B6D4537429B0B7BE00F8D5DA /* InstallView.swift in Sources */,
				B6C6560129AFB90E00AC8C63 /* XCode_GHDSUApp.swift in Sources */,
				B6D4537A29B0E71800F8D5DA /* AnimationTesting.swift in Sources */,
				B6F2390C29E7115A002FCF06 /* SplashView.swift in Sources */,
			);
			runOnlyForDeploymentPostprocessing = 0;
		};
		B6C6560A29AFB90F00AC8C63 /* Sources */ = {
			isa = PBXSourcesBuildPhase;
			buildActionMask = 2147483647;
			files = (
			);
			runOnlyForDeploymentPostprocessing = 0;
		};
		B6C6561429AFB90F00AC8C63 /* Sources */ = {
			isa = PBXSourcesBuildPhase;
			buildActionMask = 2147483647;
			files = (
			);
			runOnlyForDeploymentPostprocessing = 0;
		};
/* End PBXSourcesBuildPhase section */

/* Begin PBXTargetDependency section */
		B6C6561029AFB90F00AC8C63 /* PBXTargetDependency */ = {
			isa = PBXTargetDependency;
			target = B6C655FC29AFB90E00AC8C63 /* XCode-GHDSU */;
			targetProxy = B6C6560F29AFB90F00AC8C63 /* PBXContainerItemProxy */;
		};
		B6C6561A29AFB90F00AC8C63 /* PBXTargetDependency */ = {
			isa = PBXTargetDependency;
			target = B6C655FC29AFB90E00AC8C63 /* XCode-GHDSU */;
			targetProxy = B6C6561929AFB90F00AC8C63 /* PBXContainerItemProxy */;
		};
/* End PBXTargetDependency section */

/* Begin XCBuildConfiguration section */
		B6C6562029AFB90F00AC8C63 /* Debug */ = {
			isa = XCBuildConfiguration;
			buildSettings = {
				ALWAYS_SEARCH_USER_PATHS = NO;
				CLANG_ANALYZER_NONNULL = YES;
				CLANG_ANALYZER_NUMBER_OBJECT_CONVERSION = YES_AGGRESSIVE;
				CLANG_CXX_LANGUAGE_STANDARD = "gnu++20";
				CLANG_ENABLE_MODULES = YES;
				CLANG_ENABLE_OBJC_ARC = YES;
				CLANG_ENABLE_OBJC_WEAK = YES;
				CLANG_WARN_BLOCK_CAPTURE_AUTORELEASING = YES;
				CLANG_WARN_BOOL_CONVERSION = YES;
				CLANG_WARN_COMMA = YES;
				CLANG_WARN_CONSTANT_CONVERSION = YES;
				CLANG_WARN_DEPRECATED_OBJC_IMPLEMENTATIONS = YES;
				CLANG_WARN_DIRECT_OBJC_ISA_USAGE = YES_ERROR;
				CLANG_WARN_DOCUMENTATION_COMMENTS = YES;
				CLANG_WARN_EMPTY_BODY = YES;
				CLANG_WARN_ENUM_CONVERSION = YES;
				CLANG_WARN_INFINITE_RECURSION = YES;
				CLANG_WARN_INT_CONVERSION = YES;
				CLANG_WARN_NON_LITERAL_NULL_CONVERSION = YES;
				CLANG_WARN_OBJC_IMPLICIT_RETAIN_SELF = YES;
				CLANG_WARN_OBJC_LITERAL_CONVERSION = YES;
				CLANG_WARN_OBJC_ROOT_CLASS = YES_ERROR;
				CLANG_WARN_QUOTED_INCLUDE_IN_FRAMEWORK_HEADER = YES;
				CLANG_WARN_RANGE_LOOP_ANALYSIS = YES;
				CLANG_WARN_STRICT_PROTOTYPES = YES;
				CLANG_WARN_SUSPICIOUS_MOVE = YES;
				CLANG_WARN_UNGUARDED_AVAILABILITY = YES_AGGRESSIVE;
				CLANG_WARN_UNREACHABLE_CODE = YES;
				CLANG_WARN__DUPLICATE_METHOD_MATCH = YES;
				COPY_PHASE_STRIP = NO;
				DEBUG_INFORMATION_FORMAT = dwarf;
				ENABLE_STRICT_OBJC_MSGSEND = YES;
				ENABLE_TESTABILITY = YES;
				GCC_C_LANGUAGE_STANDARD = gnu11;
				GCC_DYNAMIC_NO_PIC = NO;
				GCC_NO_COMMON_BLOCKS = YES;
				GCC_OPTIMIZATION_LEVEL = 0;
				GCC_PREPROCESSOR_DEFINITIONS = (
					"DEBUG=1",
					"$(inherited)",
				);
				GCC_WARN_64_TO_32_BIT_CONVERSION = YES;
				GCC_WARN_ABOUT_RETURN_TYPE = YES_ERROR;
				GCC_WARN_UNDECLARED_SELECTOR = YES;
				GCC_WARN_UNINITIALIZED_AUTOS = YES_AGGRESSIVE;
				GCC_WARN_UNUSED_FUNCTION = YES;
				GCC_WARN_UNUSED_VARIABLE = YES;
				MACOSX_DEPLOYMENT_TARGET = 13.1;
				MTL_ENABLE_DEBUG_INFO = INCLUDE_SOURCE;
				MTL_FAST_MATH = YES;
				ONLY_ACTIVE_ARCH = YES;
				SDKROOT = macosx;
				SWIFT_ACTIVE_COMPILATION_CONDITIONS = DEBUG;
				SWIFT_OPTIMIZATION_LEVEL = "-Onone";
			};
			name = Debug;
		};
		B6C6562129AFB90F00AC8C63 /* Release */ = {
			isa = XCBuildConfiguration;
			buildSettings = {
				ALWAYS_SEARCH_USER_PATHS = NO;
				CLANG_ANALYZER_NONNULL = YES;
				CLANG_ANALYZER_NUMBER_OBJECT_CONVERSION = YES_AGGRESSIVE;
				CLANG_CXX_LANGUAGE_STANDARD = "gnu++20";
				CLANG_ENABLE_MODULES = YES;
				CLANG_ENABLE_OBJC_ARC = YES;
				CLANG_ENABLE_OBJC_WEAK = YES;
				CLANG_WARN_BLOCK_CAPTURE_AUTORELEASING = YES;
				CLANG_WARN_BOOL_CONVERSION = YES;
				CLANG_WARN_COMMA = YES;
				CLANG_WARN_CONSTANT_CONVERSION = YES;
				CLANG_WARN_DEPRECATED_OBJC_IMPLEMENTATIONS = YES;
				CLANG_WARN_DIRECT_OBJC_ISA_USAGE = YES_ERROR;
				CLANG_WARN_DOCUMENTATION_COMMENTS = YES;
				CLANG_WARN_EMPTY_BODY = YES;
				CLANG_WARN_ENUM_CONVERSION = YES;
				CLANG_WARN_INFINITE_RECURSION = YES;
				CLANG_WARN_INT_CONVERSION = YES;
				CLANG_WARN_NON_LITERAL_NULL_CONVERSION = YES;
				CLANG_WARN_OBJC_IMPLICIT_RETAIN_SELF = YES;
				CLANG_WARN_OBJC_LITERAL_CONVERSION = YES;
				CLANG_WARN_OBJC_ROOT_CLASS = YES_ERROR;
				CLANG_WARN_QUOTED_INCLUDE_IN_FRAMEWORK_HEADER = YES;
				CLANG_WARN_RANGE_LOOP_ANALYSIS = YES;
				CLANG_WARN_STRICT_PROTOTYPES = YES;
				CLANG_WARN_SUSPICIOUS_MOVE = YES;
				CLANG_WARN_UNGUARDED_AVAILABILITY = YES_AGGRESSIVE;
				CLANG_WARN_UNREACHABLE_CODE = YES;
				CLANG_WARN__DUPLICATE_METHOD_MATCH = YES;
				COPY_PHASE_STRIP = NO;
				DEBUG_INFORMATION_FORMAT = "dwarf-with-dsym";
				ENABLE_NS_ASSERTIONS = NO;
				ENABLE_STRICT_OBJC_MSGSEND = YES;
				GCC_C_LANGUAGE_STANDARD = gnu11;
				GCC_NO_COMMON_BLOCKS = YES;
				GCC_WARN_64_TO_32_BIT_CONVERSION = YES;
				GCC_WARN_ABOUT_RETURN_TYPE = YES_ERROR;
				GCC_WARN_UNDECLARED_SELECTOR = YES;
				GCC_WARN_UNINITIALIZED_AUTOS = YES_AGGRESSIVE;
				GCC_WARN_UNUSED_FUNCTION = YES;
				GCC_WARN_UNUSED_VARIABLE = YES;
				MACOSX_DEPLOYMENT_TARGET = 13.1;
				MTL_ENABLE_DEBUG_INFO = NO;
				MTL_FAST_MATH = YES;
				SDKROOT = macosx;
				SWIFT_COMPILATION_MODE = wholemodule;
				SWIFT_OPTIMIZATION_LEVEL = "-O";
			};
			name = Release;
		};
		B6C6562329AFB90F00AC8C63 /* Debug */ = {
			isa = XCBuildConfiguration;
			baseConfigurationReference = 76FAC423898ED1C3FED3A842 /* Pods-XCode-GHDSU.debug.xcconfig */;
			buildSettings = {
				ASSETCATALOG_COMPILER_APPICON_NAME = AppIcon;
				ASSETCATALOG_COMPILER_GLOBAL_ACCENT_COLOR_NAME = AccentColor;
				CODE_SIGN_ENTITLEMENTS = "XCode-GHDSU/XCode_GHDSU.entitlements";
				CODE_SIGN_STYLE = Automatic;
				COMBINE_HIDPI_IMAGES = YES;
				CURRENT_PROJECT_VERSION = 1;
				DEVELOPMENT_ASSET_PATHS = "\"XCode-GHDSU/Preview Content\"";
				DEVELOPMENT_TEAM = 2ZWC9RWU52;
				ENABLE_HARDENED_RUNTIME = YES;
				ENABLE_PREVIEWS = YES;
				GENERATE_INFOPLIST_FILE = YES;
				INFOPLIST_FILE = "XCode-GHDSU/Info.plist";
				INFOPLIST_KEY_NSHumanReadableCopyright = "";
				LD_RUNPATH_SEARCH_PATHS = (
					"$(inherited)",
					"@executable_path/../Frameworks",
				);
				MARKETING_VERSION = 1.0;
				OTHER_CODE_SIGN_FLAGS = "--deep";
				PRODUCT_BUNDLE_IDENTIFIER = "McK.XCode-GHDSU";
				PRODUCT_NAME = "$(TARGET_NAME)";
				SWIFT_EMIT_LOC_STRINGS = YES;
				SWIFT_VERSION = 5.0;
			};
			name = Debug;
		};
		B6C6562429AFB90F00AC8C63 /* Release */ = {
			isa = XCBuildConfiguration;
			baseConfigurationReference = C52FF156B582BC3BE8EE8D24 /* Pods-XCode-GHDSU.release.xcconfig */;
			buildSettings = {
				ASSETCATALOG_COMPILER_APPICON_NAME = AppIcon;
				ASSETCATALOG_COMPILER_GLOBAL_ACCENT_COLOR_NAME = AccentColor;
				CODE_SIGN_ENTITLEMENTS = "XCode-GHDSU/XCode_GHDSU.entitlements";
				CODE_SIGN_STYLE = Automatic;
				COMBINE_HIDPI_IMAGES = YES;
				CURRENT_PROJECT_VERSION = 1;
				DEVELOPMENT_ASSET_PATHS = "\"XCode-GHDSU/Preview Content\"";
				DEVELOPMENT_TEAM = 2ZWC9RWU52;
				ENABLE_HARDENED_RUNTIME = YES;
				ENABLE_PREVIEWS = YES;
				GENERATE_INFOPLIST_FILE = YES;
				INFOPLIST_FILE = "XCode-GHDSU/Info.plist";
				INFOPLIST_KEY_NSHumanReadableCopyright = "";
				LD_RUNPATH_SEARCH_PATHS = (
					"$(inherited)",
					"@executable_path/../Frameworks",
				);
				MARKETING_VERSION = 1.0;
				OTHER_CODE_SIGN_FLAGS = "--deep";
				PRODUCT_BUNDLE_IDENTIFIER = "McK.XCode-GHDSU";
				PRODUCT_NAME = "$(TARGET_NAME)";
				SWIFT_EMIT_LOC_STRINGS = YES;
				SWIFT_VERSION = 5.0;
			};
			name = Release;
		};
		B6C6562629AFB90F00AC8C63 /* Debug */ = {
			isa = XCBuildConfiguration;
			baseConfigurationReference = C797168D73158EBD0D3C115A /* Pods-XCode-GHDSUTests.debug.xcconfig */;
			buildSettings = {
				ALWAYS_EMBED_SWIFT_STANDARD_LIBRARIES = YES;
				BUNDLE_LOADER = "$(TEST_HOST)";
				CODE_SIGN_STYLE = Automatic;
				CURRENT_PROJECT_VERSION = 1;
				DEVELOPMENT_TEAM = 2ZWC9RWU52;
				GENERATE_INFOPLIST_FILE = YES;
				MACOSX_DEPLOYMENT_TARGET = 13.1;
				MARKETING_VERSION = 1.0;
				PRODUCT_BUNDLE_IDENTIFIER = "McK.XCode-GHDSUTests";
				PRODUCT_NAME = "$(TARGET_NAME)";
				SWIFT_EMIT_LOC_STRINGS = NO;
				SWIFT_VERSION = 5.0;
				TEST_HOST = "$(BUILT_PRODUCTS_DIR)/XCode-GHDSU.app/$(BUNDLE_EXECUTABLE_FOLDER_PATH)/XCode-GHDSU";
			};
			name = Debug;
		};
		B6C6562729AFB90F00AC8C63 /* Release */ = {
			isa = XCBuildConfiguration;
			baseConfigurationReference = 35BE53BF80C85EDBFEF042F5 /* Pods-XCode-GHDSUTests.release.xcconfig */;
			buildSettings = {
				ALWAYS_EMBED_SWIFT_STANDARD_LIBRARIES = YES;
				BUNDLE_LOADER = "$(TEST_HOST)";
				CODE_SIGN_STYLE = Automatic;
				CURRENT_PROJECT_VERSION = 1;
				DEVELOPMENT_TEAM = 2ZWC9RWU52;
				GENERATE_INFOPLIST_FILE = YES;
				MACOSX_DEPLOYMENT_TARGET = 13.1;
				MARKETING_VERSION = 1.0;
				PRODUCT_BUNDLE_IDENTIFIER = "McK.XCode-GHDSUTests";
				PRODUCT_NAME = "$(TARGET_NAME)";
				SWIFT_EMIT_LOC_STRINGS = NO;
				SWIFT_VERSION = 5.0;
				TEST_HOST = "$(BUILT_PRODUCTS_DIR)/XCode-GHDSU.app/$(BUNDLE_EXECUTABLE_FOLDER_PATH)/XCode-GHDSU";
			};
			name = Release;
		};
		B6C6562929AFB90F00AC8C63 /* Debug */ = {
			isa = XCBuildConfiguration;
			baseConfigurationReference = 780A4AD6B3EA9ACC5F423966 /* Pods-XCode-GHDSU-XCode-GHDSUUITests.debug.xcconfig */;
			buildSettings = {
				ALWAYS_EMBED_SWIFT_STANDARD_LIBRARIES = YES;
				CODE_SIGN_STYLE = Automatic;
				CURRENT_PROJECT_VERSION = 1;
				DEVELOPMENT_TEAM = 2ZWC9RWU52;
				GENERATE_INFOPLIST_FILE = YES;
				MARKETING_VERSION = 1.0;
				PRODUCT_BUNDLE_IDENTIFIER = "McK.XCode-GHDSUUITests";
				PRODUCT_NAME = "$(TARGET_NAME)";
				SWIFT_EMIT_LOC_STRINGS = NO;
				SWIFT_VERSION = 5.0;
				TEST_TARGET_NAME = "XCode-GHDSU";
			};
			name = Debug;
		};
		B6C6562A29AFB90F00AC8C63 /* Release */ = {
			isa = XCBuildConfiguration;
			baseConfigurationReference = F203E4335E04E3E09150EE92 /* Pods-XCode-GHDSU-XCode-GHDSUUITests.release.xcconfig */;
			buildSettings = {
				ALWAYS_EMBED_SWIFT_STANDARD_LIBRARIES = YES;
				CODE_SIGN_STYLE = Automatic;
				CURRENT_PROJECT_VERSION = 1;
				DEVELOPMENT_TEAM = 2ZWC9RWU52;
				GENERATE_INFOPLIST_FILE = YES;
				MARKETING_VERSION = 1.0;
				PRODUCT_BUNDLE_IDENTIFIER = "McK.XCode-GHDSUUITests";
				PRODUCT_NAME = "$(TARGET_NAME)";
				SWIFT_EMIT_LOC_STRINGS = NO;
				SWIFT_VERSION = 5.0;
				TEST_TARGET_NAME = "XCode-GHDSU";
			};
			name = Release;
		};
/* End XCBuildConfiguration section */

/* Begin XCConfigurationList section */
		B6C655F829AFB90D00AC8C63 /* Build configuration list for PBXProject "XCode-GHDSU" */ = {
			isa = XCConfigurationList;
			buildConfigurations = (
				B6C6562029AFB90F00AC8C63 /* Debug */,
				B6C6562129AFB90F00AC8C63 /* Release */,
			);
			defaultConfigurationIsVisible = 0;
			defaultConfigurationName = Release;
		};
		B6C6562229AFB90F00AC8C63 /* Build configuration list for PBXNativeTarget "XCode-GHDSU" */ = {
			isa = XCConfigurationList;
			buildConfigurations = (
				B6C6562329AFB90F00AC8C63 /* Debug */,
				B6C6562429AFB90F00AC8C63 /* Release */,
			);
			defaultConfigurationIsVisible = 0;
			defaultConfigurationName = Release;
		};
		B6C6562529AFB90F00AC8C63 /* Build configuration list for PBXNativeTarget "XCode-GHDSUTests" */ = {
			isa = XCConfigurationList;
			buildConfigurations = (
				B6C6562629AFB90F00AC8C63 /* Debug */,
				B6C6562729AFB90F00AC8C63 /* Release */,
			);
			defaultConfigurationIsVisible = 0;
			defaultConfigurationName = Release;
		};
		B6C6562829AFB90F00AC8C63 /* Build configuration list for PBXNativeTarget "XCode-GHDSUUITests" */ = {
			isa = XCConfigurationList;
			buildConfigurations = (
				B6C6562929AFB90F00AC8C63 /* Debug */,
				B6C6562A29AFB90F00AC8C63 /* Release */,
			);
			defaultConfigurationIsVisible = 0;
			defaultConfigurationName = Release;
		};
/* End XCConfigurationList section */
	};
	rootObject = B6C655F529AFB90D00AC8C63 /* Project object */;
}
